{
  "name": "ts-nightly-example",
  "version": "1.0.0",
  "lockfileVersion": 3,
  "requires": true,
  "packages": {
    "": {
      "name": "ts-nightly-example",
      "version": "1.0.0",
      "license": "MIT",
      "devDependencies": {
        "tstyche": "7.0.0"
      }
    },
    "node_modules/tstyche": {
      "version": "7.0.0",
      "resolved": "https://registry.npmjs.org/tstyche/-/tstyche-7.0.0.tgz",
      "integrity": "sha512-dWuDvU8b0mfgMMZfYz8qPo3My/UVgcG05Q8PBr3NbCWv+lHD7RqrOn9EBIZM59MmubP1/txVard0D/7ScFXddg==",
      "dev": true,
      "license": "MIT",
      "bin": {
        "tstyche": "dist/bin.js"
      },
      "engines": {
        "node": ">=22.12"
      },
      "funding": {
        "url": "https://github.com/tstyche/tstyche?sponsor=1"
      },
      "peerDependencies": {
        "typescript": ">=5.4"
      },
      "peerDependenciesMeta": {
        "typescript": {
          "optional": true
        }
      }
    }
  }
}
