{
  "name": "ts-nightly-runs-example",
  "version": "1.0.0",
  "lockfileVersion": 3,
  "requires": true,
  "packages": {
    "": {
      "name": "ts-nightly-runs-example",
      "version": "1.0.0",
      "license": "MIT",
      "devDependencies": {
        "tstyche": "3.5.0"
      }
    },
    "node_modules/tstyche": {
      "version": "3.5.0",
      "resolved": "https://registry.npmjs.org/tstyche/-/tstyche-3.5.0.tgz",
      "integrity": "sha512-N4SUp/ZWaMGEcglpVFIzKez0GQEiBdfFDgcnqwv9O1mePZgos8N1cZCzNgGtPGo/w0ym04MjJcDnsw1sorEzgA==",
      "dev": true,
      "license": "MIT",
      "bin": {
        "tstyche": "build/bin.js"
      },
      "engines": {
        "node": ">=18.19"
      },
      "funding": {
        "url": "https://github.com/tstyche/tstyche?sponsor=1"
      },
      "peerDependencies": {
        "typescript": "4.x || 5.x"
      },
      "peerDependenciesMeta": {
        "typescript": {
          "optional": true
        }
      }
    }
  }
}
